<?xml version="1.0" encoding="utf-8"?>
<Project ToolsVersion="4.0" xmlns="http://schemas.microsoft.com/developer/msbuild/2003">
  <ItemGroup>
    <Filter Include="Source Files">
      <UniqueIdentifier>{4FC737F1-C7A5-4376-A066-2A32D752A2FF}</UniqueIdentifier>
      <Extensions>cpp;c;cc;cxx;def;odl;idl;hpj;bat;asm;asmx</Extensions>
    </Filter>
    <Filter Include="Header Files">
      <UniqueIdentifier>{93995380-89BD-4b04-88EB-625FBE52EBFB}</UniqueIdentifier>
      <Extensions>h;hh;hpp;hxx;hm;inl;inc;xsd</Extensions>
    </Filter>
    <Filter Include="Resource Files">
      <UniqueIdentifier>{67DA6AB6-F800-4c08-8B7A-83BB121AAD01}</UniqueIdentifier>
      <Extensions>rc;ico;cur;bmp;dlg;rc2;rct;bin;rgs;gif;jpg;jpeg;jpe;resx;tiff;tif;png;wav;mfcribbon-ms</Extensions>
    </Filter>
  </ItemGroup>
  <ItemGroup>
    <Text Include="ReadMe.txt" />
  </ItemGroup>
  <ItemGroup>
    <ClInclude Include="stdafx.h">
      <Filter>Header Files</Filter>
    </ClInclude>
    <ClInclude Include="targetver.h">
      <Filter>Header Files</Filter>
    </ClInclude>
    <ClInclude Include="DeclaredFunctions.h">
      <Filter>Header Files</Filter>
    </ClInclude>
    <ClInclude Include="FunctionCalls.h">
      <Filter>Header Files</Filter>
    </ClInclude>
    <ClInclude Include="Utils.h">
      <Filter>Header Files</Filter>
    </ClInclude>
    <ClInclude Include="CommandLine.h">
      <Filter>Header Files</Filter>
    </ClInclude>
    <ClInclude Include="DLLBaseAddress.h">
      <Filter>Header Files</Filter>
    </ClInclude>
    <ClInclude Include="FunctionOffsetAddress.h">
      <Filter>Header Files</Filter>
    </ClInclude>
    <ClInclude Include="StringOffsetAddress.h">
      <Filter>Header Files</Filter>
    </ClInclude>
    <ClInclude Include="DeclaredFunctionsStates.h">
      <Filter>Header Files</Filter>
    </ClInclude>
    <ClInclude Include="DeclaredStates.h">
      <Filter>Header Files</Filter>
    </ClInclude>
    <ClInclude Include="CallFunctionsStates.h">
      <Filter>Header Files</Filter>
    </ClInclude>
    <ClInclude Include="ASMHeader.h">
      <Filter>Header Files</Filter>
    </ClInclude>
    <ClInclude Include="DebugUtils.h">
      <Filter>Header Files</Filter>
    </ClInclude>
    <ClInclude Include="Compile.h">
      <Filter>Header Files</Filter>
    </ClInclude>
    <ClInclude Include="SEHUtils.h">
      <Filter>Header Files</Filter>
    </ClInclude>
    <ClInclude Include="KeystoneLib.h">
      <Filter>Header Files</Filter>
    </ClInclude>
    <ClInclude Include="Platform.h">
      <Filter>Header Files</Filter>
    </ClInclude>
    <ClInclude Include="LinuxSyscalls.h">
      <Filter>Header Files</Filter>
    </ClInclude>
  </ItemGroup>
  <ItemGroup>
    <ClCompile Include="stdafx.cpp">
      <Filter>Source Files</Filter>
    </ClCompile>
    <ClCompile Include="ShellcodeCompiler.cpp">
      <Filter>Source Files</Filter>
    </ClCompile>
    <ClCompile Include="DeclaredFunctions.cpp">
      <Filter>Source Files</Filter>
    </ClCompile>
    <ClCompile Include="FunctionCalls.cpp">
      <Filter>Source Files</Filter>
    </ClCompile>
    <ClCompile Include="Utils.cpp">
      <Filter>Source Files</Filter>
    </ClCompile>
    <ClCompile Include="CommandLine.cpp">
      <Filter>Source Files</Filter>
    </ClCompile>
    <ClCompile Include="DLLBaseAddress.cpp">
      <Filter>Source Files</Filter>
    </ClCompile>
    <ClCompile Include="FunctionOffsetAddress.cpp">
      <Filter>Source Files</Filter>
    </ClCompile>
    <ClCompile Include="StringOffsetAddress.cpp">
      <Filter>Source Files</Filter>
    </ClCompile>
    <ClCompile Include="DeclaredFunctionsStates.cpp">
      <Filter>Source Files</Filter>
    </ClCompile>
    <ClCompile Include="CallFunctionsStates.cpp">
      <Filter>Source Files</Filter>
    </ClCompile>
    <ClCompile Include="ASMHeader.cpp">
      <Filter>Source Files</Filter>
    </ClCompile>
    <ClCompile Include="DebugUtils.cpp">
      <Filter>Source Files</Filter>
    </ClCompile>
    <ClCompile Include="Compile.cpp">
      <Filter>Source Files</Filter>
    </ClCompile>
    <ClCompile Include="DeclaredStates.cpp">
      <Filter>Source Files</Filter>
    </ClCompile>
    <ClCompile Include="KeystoneLib.cpp">
      <Filter>Source Files</Filter>
    </ClCompile>
    <ClCompile Include="Platform.cpp">
      <Filter>Source Files</Filter>
    </ClCompile>
    <ClCompile Include="LinuxSyscalls.cpp">
      <Filter>Source Files</Filter>
    </ClCompile>
  </ItemGroup>
</Project>